PODS:
  - Bolts/Tasks (1.5.0)
  - Parse (1.11.0):
    - Bolts/Tasks (~> 1.5)
  - Realm (0.97.0):
    - Realm/Headers (= 0.97.0)
  - Realm/Headers (0.97.0)

DEPENDENCIES:
  - Parse
  - Realm

SPEC CHECKSUMS:
  Bolts: 722ab9a4f8b50fc4ed1b9998a5a7a2b3f16d80b4
  Parse: 886af46a0a677402f6374bb97ac212e795f70afe
  Realm: b498a6fb9d288b171ff98d0e2d4384c295be8990

COCOAPODS: 0.39.0
